
Microsoft Visual Studio Solution File, Format Version 12.00
# Visual Studio Version 17
VisualStudioVersion = 17.0.32002.185
MinimumVisualStudioVersion = 10.0.40219.1
Project("{FAE04EC0-301F-11D3-BF4B-00C04F79EFBC}") = "wcit", "wcit.csproj", "{FDEB3AC6-8864-485A-83EF-A07BF441EED2}"
EndProject
Global
	GlobalSection(SolutionConfigurationPlatforms) = preSolution
		Debug|Any CPU = Debug|Any CPU
		Release|Any CPU = Release|Any CPU
	EndGlobalSection
	GlobalSection(ProjectConfigurationPlatforms) = postSolution
		{FDEB3AC6-8864-485A-83EF-A07BF441EED2}.Debug|Any CPU.ActiveCfg = Debug|Any CPU
		{FDEB3AC6-8864-485A-83EF-A07BF441EED2}.Debug|Any CPU.Build.0 = Debug|Any CPU
		{FDEB3AC6-8864-485A-83EF-A07BF441EED2}.Release|Any CPU.ActiveCfg = Release|Any CPU
		{FDEB3AC6-8864-485A-83EF-A07BF441EED2}.Release|Any CPU.Build.0 = Release|Any CPU
	EndGlobalSection
	GlobalSection(SolutionProperties) = preSolution
		HideSolutionNode = FALSE
	EndGlobalSection
	GlobalSection(ExtensibilityGlobals) = postSolution
		SolutionGuid = {C45C4275-3F2A-4BFA-A021-6F9C205F8F48}
	EndGlobalSection
EndGlobal
