
Microsoft Visual Studio Solution File, Format Version 12.00
# Visual Studio Version 17
VisualStudioVersion = 17.7.34221.43
MinimumVisualStudioVersion = 10.0.40219.1
Project("{9A19103F-16F7-4668-BE54-9A1E7A4F7556}") = "cli_app", "cli_app\cli_app.csproj", "{7A1DB70A-F91B-4EF0-8974-5291923AF1E6}"
EndProject
Project("{9A19103F-16F7-4668-BE54-9A1E7A4F7556}") = "WindowsInstallerLib", "WindowsInstallerLib\WindowsInstallerLib.csproj", "{0621F1C4-7D92-4863-8BF3-39E2D8D0661C}"
EndProject
Global
	GlobalSection(SolutionConfigurationPlatforms) = preSolution
		Debug|x64 = Debug|x64
		Release|x64 = Release|x64
	EndGlobalSection
	GlobalSection(ProjectConfigurationPlatforms) = postSolution
		{7A1DB70A-F91B-4EF0-8974-5291923AF1E6}.Debug|x64.ActiveCfg = Debug|x64
		{7A1DB70A-F91B-4EF0-8974-5291923AF1E6}.Debug|x64.Build.0 = Debug|x64
		{7A1DB70A-F91B-4EF0-8974-5291923AF1E6}.Release|x64.ActiveCfg = Release|x64
		{7A1DB70A-F91B-4EF0-8974-5291923AF1E6}.Release|x64.Build.0 = Release|x64
		{0621F1C4-7D92-4863-8BF3-39E2D8D0661C}.Debug|x64.ActiveCfg = Debug|x64
		{0621F1C4-7D92-4863-8BF3-39E2D8D0661C}.Debug|x64.Build.0 = Debug|x64
		{0621F1C4-7D92-4863-8BF3-39E2D8D0661C}.Release|x64.ActiveCfg = Release|x64
		{0621F1C4-7D92-4863-8BF3-39E2D8D0661C}.Release|x64.Build.0 = Release|x64
	EndGlobalSection
	GlobalSection(SolutionProperties) = preSolution
		HideSolutionNode = FALSE
	EndGlobalSection
	GlobalSection(ExtensibilityGlobals) = postSolution
		SolutionGuid = {0D940E12-6EDA-404E-95CF-9DCBCA43DCEE}
	EndGlobalSection
EndGlobal
